// !$*UTF8*$!
{
	archiveVersion = 1;
	classes = {
	};
	objectVersion = 77;
	objects = {

/* Begin PBXBuildFile section */
		000303C57B39490634BB7658 /* CollectionView.swift in Sources */ = {isa = PBXBuildFile; fileRef = 9330D36601541BB383C31119 /* CollectionView.swift */; };
		056D0CAC4737C097D3D088D9 /* ContentSyncService.swift in Sources */ = {isa = PBXBuildFile; fileRef = 0733A3B7723780A13FB194B4 /* ContentSyncService.swift */; };
		17C4D727BB2806BA106BD2C0 /* PlacementSession.swift in Sources */ = {isa = PBXBuildFile; fileRef = 76B409C35985B0F385366AE9 /* PlacementSession.swift */; };
		18A01BA0657333E1CDA9BAC7 /* EggHatchView.swift in Sources */ = {isa = PBXBuildFile; fileRef = DAB2E28A5EA726355A5695CA /* EggHatchView.swift */; };
		1E205011AF1E03ED6681FA95 /* ParentSettingsView.swift in Sources */ = {isa = PBXBuildFile; fileRef = A933DCD6C5A8054D05B00D2D /* ParentSettingsView.swift */; };
		25EC8FF543DEF51C4A231BC8 /* TuningConstants.swift in Sources */ = {isa = PBXBuildFile; fileRef = A343C86BA7116E243B39E6EF /* TuningConstants.swift */; };
		262849F7FB82B2BC05546DB1 /* CountObjectsView.swift in Sources */ = {isa = PBXBuildFile; fileRef = 582257CA3E26285CB9505ACA /* CountObjectsView.swift */; };
		33A2684BA4A733469FB96D5E /* VolumeNudge.swift in Sources */ = {isa = PBXBuildFile; fileRef = 38BEF548C7930B8A17D21381 /* VolumeNudge.swift */; };
		3B3DEA46E7D1B20B707C5022 /* ProgressEngineTests.swift in Sources */ = {isa = PBXBuildFile; fileRef = 8D08460EE01523CD3C9D8C2F /* ProgressEngineTests.swift */; };
		49B114ECCD466B57457A041A /* PlacementStoreTests.swift in Sources */ = {isa = PBXBuildFile; fileRef = D91E9520889E20E65813E823 /* PlacementStoreTests.swift */; };
		49CEF40B6117C4F1E174F157 /* ContentStore.swift in Sources */ = {isa = PBXBuildFile; fileRef = 79664069712EDF6BCDD37F60 /* ContentStore.swift */; };
		50CD4261433995EED97F617A /* ProgressEngine.swift in Sources */ = {isa = PBXBuildFile; fileRef = E2625B7BF36D5ACF802E8667 /* ProgressEngine.swift */; };
		545521B857C5B15D4D025934 /* MultipleChoiceImageView.swift in Sources */ = {isa = PBXBuildFile; fileRef = 8DDA1AF5976E84EE13C73BC9 /* MultipleChoiceImageView.swift */; };
		58BD3727EB2E3FAA04F602BA /* ProgressModels.swift in Sources */ = {isa = PBXBuildFile; fileRef = 6EA1A323E2053709B39DB864 /* ProgressModels.swift */; };
		5B166A03C372CD918BDC18E7 /* TapMatchPairsView.swift in Sources */ = {isa = PBXBuildFile; fileRef = 7198DD648F060E8C44816176 /* TapMatchPairsView.swift */; };
		6201C6384BA29BC26BA4A1CF /* ExercisePayload.swift in Sources */ = {isa = PBXBuildFile; fileRef = C0C6C5413C4CFD9AA9EA9467 /* ExercisePayload.swift */; };
		6363A129D6C5325BCA71DF5A /* hatch.caf in Resources */ = {isa = PBXBuildFile; fileRef = 4E3B74BB0FE2FE212ED70E6E /* hatch.caf */; };
		64E32B002C5E2B1476988733 /* LevelUpView.swift in Sources */ = {isa = PBXBuildFile; fileRef = 314C5DC283EB028DE771451A /* LevelUpView.swift */; };
		660D31652C733AB8CB790254 /* Theme.swift in Sources */ = {isa = PBXBuildFile; fileRef = A772BDA3521503CDDC8610F7 /* Theme.swift */; };
		6A6CC1E6DC6C99DBFA986A1D /* levelup.caf in Resources */ = {isa = PBXBuildFile; fileRef = 50FD896D7824316A0684244A /* levelup.caf */; };
		6A94F5A3C8436EC263F86B7E /* PlacementFlowView.swift in Sources */ = {isa = PBXBuildFile; fileRef = E69DCC4B2FDB78FC65790D6D /* PlacementFlowView.swift */; };
		6C07549F79D18D360C518F98 /* BundledPacks in Resources */ = {isa = PBXBuildFile; fileRef = 626FA7471ECF797D61118F84 /* BundledPacks */; };
		710794B27017AA0A6F64A1F1 /* FillBlankWordBankView.swift in Sources */ = {isa = PBXBuildFile; fileRef = F083F8ED7EAA4689ED5A365A /* FillBlankWordBankView.swift */; };
		74E06A794BED449939F6C2A4 /* SpeechService.swift in Sources */ = {isa = PBXBuildFile; fileRef = BE78CFC89460F6A04142663F /* SpeechService.swift */; };
		75B03D58482C034088DD1D6F /* LessonSessionTests.swift in Sources */ = {isa = PBXBuildFile; fileRef = 0153B1EAE911FD1F0C64DBFF /* LessonSessionTests.swift */; };
		787174E58092FF0E6F1DDAE8 /* ParentGateView.swift in Sources */ = {isa = PBXBuildFile; fileRef = 19CC07FEA454CD5E6552FB73 /* ParentGateView.swift */; };
		7DFDF8CCF893A287186A6C95 /* OrderingView.swift in Sources */ = {isa = PBXBuildFile; fileRef = 52BDF84E8A54D5ED47F2AFCE /* OrderingView.swift */; };
		7E28CEF584A5F07567ED3359 /* LessonPlayerView.swift in Sources */ = {isa = PBXBuildFile; fileRef = ECCB2999A1896D6F1351FE7F /* LessonPlayerView.swift */; };
		7F335DD08D706FDA48B2FB23 /* CollectibleCatalog.swift in Sources */ = {isa = PBXBuildFile; fileRef = 70635E25EBED626B1E4E09CF /* CollectibleCatalog.swift */; };
		8095D8A15A66AC541EA37E6C /* ListenAndPickView.swift in Sources */ = {isa = PBXBuildFile; fileRef = D3AFCF3E84AAFAA8EC4F8041 /* ListenAndPickView.swift */; };
		8B4B1312CF32B902F088C6DD /* ProfilePickerView.swift in Sources */ = {isa = PBXBuildFile; fileRef = DA79F4BC9B4B9C3511469370 /* ProfilePickerView.swift */; };
		8EC3055F0AE302A0C1BB969D /* LessonSession.swift in Sources */ = {isa = PBXBuildFile; fileRef = 9662A2C2F93EBE337BDF0C6C /* LessonSession.swift */; };
		9090064A7578EEC308310CD2 /* AgePicker.swift in Sources */ = {isa = PBXBuildFile; fileRef = 4647136C00CB071AF4EDC38D /* AgePicker.swift */; };
		9173A49D2DC82D67A4321840 /* Assets.xcassets in Resources */ = {isa = PBXBuildFile; fileRef = E9456CE0E47EC7614C7D2D56 /* Assets.xcassets */; };
		9F8DE4589B68D77DDD8D278D /* FeenyApp.swift in Sources */ = {isa = PBXBuildFile; fileRef = 0054076F0E8E5DE0643E4353 /* FeenyApp.swift */; };
		A9251ED1615DCF5830342F2A /* ProfileCreateView.swift in Sources */ = {isa = PBXBuildFile; fileRef = 925108BF435A8D87D4A84142 /* ProfileCreateView.swift */; };
		A95C182220BD322060AC24AE /* correct.caf in Resources */ = {isa = PBXBuildFile; fileRef = F61B53479C33C9DF172743A0 /* correct.caf */; };
		AB4BFC506E8A59E81520CCFE /* ExerciseDecodingTests.swift in Sources */ = {isa = PBXBuildFile; fileRef = B18E0785CA5CDBEC4BC6B8F4 /* ExerciseDecodingTests.swift */; };
		B22D92A69FC0228D668DCF02 /* SubjectHomeView.swift in Sources */ = {isa = PBXBuildFile; fileRef = 407AAC5D1995F77BA5D1DF25 /* SubjectHomeView.swift */; };
		B9515F2C948AAF860B8E5ECB /* RootView.swift in Sources */ = {isa = PBXBuildFile; fileRef = 2597EB2B770FC37D4B67E5AE /* RootView.swift */; };
		C2C1EC34473E208297A6FE34 /* StreakEngineTests.swift in Sources */ = {isa = PBXBuildFile; fileRef = 7FAC4154C80D3960BE7C9609 /* StreakEngineTests.swift */; };
		C5F73AAFB0CBB5F560205BB2 /* GameEconomy.swift in Sources */ = {isa = PBXBuildFile; fileRef = E861A5C2429B09FBB2DF9246 /* GameEconomy.swift */; };
		CB82882BCEEA6AC52E80114C /* fixtures in Resources */ = {isa = PBXBuildFile; fileRef = 1F1B9F2E21CFAE33853D3D79 /* fixtures */; };
		CE9D71FDF3B0BF97E89DF7B1 /* PlacementSessionTests.swift in Sources */ = {isa = PBXBuildFile; fileRef = 42B4C07881349A87392EE5EF /* PlacementSessionTests.swift */; };
		D5B31672917FB8721EFBF964 /* SkillMapView.swift in Sources */ = {isa = PBXBuildFile; fileRef = 685D1E80D6489C8C83DD3F41 /* SkillMapView.swift */; };
		D6420FE4E14393885F22D348 /* SoundEffects.swift in Sources */ = {isa = PBXBuildFile; fileRef = D57C179234C8D50CD2FB3EF5 /* SoundEffects.swift */; };
		DE43D19FC15376FC3AECFD31 /* ContentModels.swift in Sources */ = {isa = PBXBuildFile; fileRef = 6E371BDACC64188690A17BD4 /* ContentModels.swift */; };
		DF358C3AC179DF4B0BBDC6F6 /* StreakEngine.swift in Sources */ = {isa = PBXBuildFile; fileRef = 462FFD5B4437FC138DCFDC2D /* StreakEngine.swift */; };
		E1772D2387A6F82619DFF89B /* UnitDetailSheet.swift in Sources */ = {isa = PBXBuildFile; fileRef = 5DE657F892AB41BB5DF7AF03 /* UnitDetailSheet.swift */; };
		E5890221BCF5806E5E58FF2A /* ScreenshotUtility.swift in Sources */ = {isa = PBXBuildFile; fileRef = BC50FE79C87E0FA79DB22C08 /* ScreenshotUtility.swift */; };
		E5EFA17790121A47C78034D1 /* LessonCompleteView.swift in Sources */ = {isa = PBXBuildFile; fileRef = 82D1B665954AEF2EB1C24368 /* LessonCompleteView.swift */; };
		EAE95B1FE9B398433C41091C /* PlayLessonUITests.swift in Sources */ = {isa = PBXBuildFile; fileRef = 22721A8B67AF49BC53AC8AC3 /* PlayLessonUITests.swift */; };
		F47625450C731B26E8A1256C /* Confetti.swift in Sources */ = {isa = PBXBuildFile; fileRef = B8B0CFB9D183E8A86803EFE6 /* Confetti.swift */; };
		F537D5C4827C9A65E406DE87 /* GameEconomyTests.swift in Sources */ = {isa = PBXBuildFile; fileRef = 60DC29F7505760D28CB2829F /* GameEconomyTests.swift */; };
		FADDB28DB481C16EFE3F17C2 /* RewardStoreTests.swift in Sources */ = {isa = PBXBuildFile; fileRef = E85086D3EE2EAC9357E0C82E /* RewardStoreTests.swift */; };
		FD521CA67DB8378DA63CBEF9 /* APIClient.swift in Sources */ = {isa = PBXBuildFile; fileRef = 7D0BC4CF68DF6D9BB933A1A8 /* APIClient.swift */; };
		FFE2D9A33C574AF53A675376 /* ProgressStore.swift in Sources */ = {isa = PBXBuildFile; fileRef = 54DC412DF452EAF193077F51 /* ProgressStore.swift */; };
/* End PBXBuildFile section */

/* Begin PBXContainerItemProxy section */
		63A38C4638A66B682FB8012D /* PBXContainerItemProxy */ = {
			isa = PBXContainerItemProxy;
			containerPortal = 040ABF57AE0E73EE037ED83B /* Project object */;
			proxyType = 1;
			remoteGlobalIDString = 336EB5BD0CA8F23325BFD094;
			remoteInfo = Feeny;
		};
		7E7018E50313563F7B00827E /* PBXContainerItemProxy */ = {
			isa = PBXContainerItemProxy;
			containerPortal = 040ABF57AE0E73EE037ED83B /* Project object */;
			proxyType = 1;
			remoteGlobalIDString = 336EB5BD0CA8F23325BFD094;
			remoteInfo = Feeny;
		};
/* End PBXContainerItemProxy section */

/* Begin PBXFileReference section */
		0054076F0E8E5DE0643E4353 /* FeenyApp.swift */ = {isa = PBXFileReference; lastKnownFileType = sourcecode.swift; path = FeenyApp.swift; sourceTree = "<group>"; };
		0153B1EAE911FD1F0C64DBFF /* LessonSessionTests.swift */ = {isa = PBXFileReference; lastKnownFileType = sourcecode.swift; path = LessonSessionTests.swift; sourceTree = "<group>"; };
		0733A3B7723780A13FB194B4 /* ContentSyncService.swift */ = {isa = PBXFileReference; lastKnownFileType = sourcecode.swift; path = ContentSyncService.swift; sourceTree = "<group>"; };
		19CC07FEA454CD5E6552FB73 /* ParentGateView.swift */ = {isa = PBXFileReference; lastKnownFileType = sourcecode.swift; path = ParentGateView.swift; sourceTree = "<group>"; };
		1F1B9F2E21CFAE33853D3D79 /* fixtures */ = {isa = PBXFileReference; lastKnownFileType = folder; name = fixtures; path = ../curriculum/fixtures; sourceTree = SOURCE_ROOT; };
		22721A8B67AF49BC53AC8AC3 /* PlayLessonUITests.swift */ = {isa = PBXFileReference; lastKnownFileType = sourcecode.swift; path = PlayLessonUITests.swift; sourceTree = "<group>"; };
		2597EB2B770FC37D4B67E5AE /* RootView.swift */ = {isa = PBXFileReference; lastKnownFileType = sourcecode.swift; path = RootView.swift; sourceTree = "<group>"; };
		314C5DC283EB028DE771451A /* LevelUpView.swift */ = {isa = PBXFileReference; lastKnownFileType = sourcecode.swift; path = LevelUpView.swift; sourceTree = "<group>"; };
		3406CE5CD104F2C9788D74F4 /* Info.plist */ = {isa = PBXFileReference; lastKnownFileType = text.plist; path = Info.plist; sourceTree = "<group>"; };
		38BEF548C7930B8A17D21381 /* VolumeNudge.swift */ = {isa = PBXFileReference; lastKnownFileType = sourcecode.swift; path = VolumeNudge.swift; sourceTree = "<group>"; };
		407AAC5D1995F77BA5D1DF25 /* SubjectHomeView.swift */ = {isa = PBXFileReference; lastKnownFileType = sourcecode.swift; path = SubjectHomeView.swift; sourceTree = "<group>"; };
		42B4C07881349A87392EE5EF /* PlacementSessionTests.swift */ = {isa = PBXFileReference; lastKnownFileType = sourcecode.swift; path = PlacementSessionTests.swift; sourceTree = "<group>"; };
		462FFD5B4437FC138DCFDC2D /* StreakEngine.swift */ = {isa = PBXFileReference; lastKnownFileType = sourcecode.swift; path = StreakEngine.swift; sourceTree = "<group>"; };
		4647136C00CB071AF4EDC38D /* AgePicker.swift */ = {isa = PBXFileReference; lastKnownFileType = sourcecode.swift; path = AgePicker.swift; sourceTree = "<group>"; };
		4E3B74BB0FE2FE212ED70E6E /* hatch.caf */ = {isa = PBXFileReference; path = hatch.caf; sourceTree = "<group>"; };
		50FD896D7824316A0684244A /* levelup.caf */ = {isa = PBXFileReference; path = levelup.caf; sourceTree = "<group>"; };
		52BDF84E8A54D5ED47F2AFCE /* OrderingView.swift */ = {isa = PBXFileReference; lastKnownFileType = sourcecode.swift; path = OrderingView.swift; sourceTree = "<group>"; };
		54DC412DF452EAF193077F51 /* ProgressStore.swift */ = {isa = PBXFileReference; lastKnownFileType = sourcecode.swift; path = ProgressStore.swift; sourceTree = "<group>"; };
		559AA38D0C8ADB6E9A1FBF38 /* FeenyUITests.xctest */ = {isa = PBXFileReference; includeInIndex = 0; lastKnownFileType = wrapper.cfbundle; path = FeenyUITests.xctest; sourceTree = BUILT_PRODUCTS_DIR; };
		582257CA3E26285CB9505ACA /* CountObjectsView.swift */ = {isa = PBXFileReference; lastKnownFileType = sourcecode.swift; path = CountObjectsView.swift; sourceTree = "<group>"; };
		5DE657F892AB41BB5DF7AF03 /* UnitDetailSheet.swift */ = {isa = PBXFileReference; lastKnownFileType = sourcecode.swift; path = UnitDetailSheet.swift; sourceTree = "<group>"; };
		5F3F02CB482A0B2EECDC119B /* FeenyTests.xctest */ = {isa = PBXFileReference; includeInIndex = 0; lastKnownFileType = wrapper.cfbundle; path = FeenyTests.xctest; sourceTree = BUILT_PRODUCTS_DIR; };
		60DC29F7505760D28CB2829F /* GameEconomyTests.swift */ = {isa = PBXFileReference; lastKnownFileType = sourcecode.swift; path = GameEconomyTests.swift; sourceTree = "<group>"; };
		626FA7471ECF797D61118F84 /* BundledPacks */ = {isa = PBXFileReference; lastKnownFileType = folder; path = BundledPacks; sourceTree = SOURCE_ROOT; };
		685D1E80D6489C8C83DD3F41 /* SkillMapView.swift */ = {isa = PBXFileReference; lastKnownFileType = sourcecode.swift; path = SkillMapView.swift; sourceTree = "<group>"; };
		6E371BDACC64188690A17BD4 /* ContentModels.swift */ = {isa = PBXFileReference; lastKnownFileType = sourcecode.swift; path = ContentModels.swift; sourceTree = "<group>"; };
		6EA1A323E2053709B39DB864 /* ProgressModels.swift */ = {isa = PBXFileReference; lastKnownFileType = sourcecode.swift; path = ProgressModels.swift; sourceTree = "<group>"; };
		70635E25EBED626B1E4E09CF /* CollectibleCatalog.swift */ = {isa = PBXFileReference; lastKnownFileType = sourcecode.swift; path = CollectibleCatalog.swift; sourceTree = "<group>"; };
		7198DD648F060E8C44816176 /* TapMatchPairsView.swift */ = {isa = PBXFileReference; lastKnownFileType = sourcecode.swift; path = TapMatchPairsView.swift; sourceTree = "<group>"; };
		76B409C35985B0F385366AE9 /* PlacementSession.swift */ = {isa = PBXFileReference; lastKnownFileType = sourcecode.swift; path = PlacementSession.swift; sourceTree = "<group>"; };
		79664069712EDF6BCDD37F60 /* ContentStore.swift */ = {isa = PBXFileReference; lastKnownFileType = sourcecode.swift; path = ContentStore.swift; sourceTree = "<group>"; };
		7D0BC4CF68DF6D9BB933A1A8 /* APIClient.swift */ = {isa = PBXFileReference; lastKnownFileType = sourcecode.swift; path = APIClient.swift; sourceTree = "<group>"; };
		7FAC4154C80D3960BE7C9609 /* StreakEngineTests.swift */ = {isa = PBXFileReference; lastKnownFileType = sourcecode.swift; path = StreakEngineTests.swift; sourceTree = "<group>"; };
		82D1B665954AEF2EB1C24368 /* LessonCompleteView.swift */ = {isa = PBXFileReference; lastKnownFileType = sourcecode.swift; path = LessonCompleteView.swift; sourceTree = "<group>"; };
		8C6ED1113D5793B8FA7EC1EB /* Feeny.app */ = {isa = PBXFileReference; includeInIndex = 0; lastKnownFileType = wrapper.application; path = Feeny.app; sourceTree = BUILT_PRODUCTS_DIR; };
		8D08460EE01523CD3C9D8C2F /* ProgressEngineTests.swift */ = {isa = PBXFileReference; lastKnownFileType = sourcecode.swift; path = ProgressEngineTests.swift; sourceTree = "<group>"; };
		8DDA1AF5976E84EE13C73BC9 /* MultipleChoiceImageView.swift */ = {isa = PBXFileReference; lastKnownFileType = sourcecode.swift; path = MultipleChoiceImageView.swift; sourceTree = "<group>"; };
		925108BF435A8D87D4A84142 /* ProfileCreateView.swift */ = {isa = PBXFileReference; lastKnownFileType = sourcecode.swift; path = ProfileCreateView.swift; sourceTree = "<group>"; };
		9330D36601541BB383C31119 /* CollectionView.swift */ = {isa = PBXFileReference; lastKnownFileType = sourcecode.swift; path = CollectionView.swift; sourceTree = "<group>"; };
		94F799AA34488CD8F9FF8DAF /* Debug.xcconfig */ = {isa = PBXFileReference; lastKnownFileType = text.xcconfig; path = Debug.xcconfig; sourceTree = "<group>"; };
		9662A2C2F93EBE337BDF0C6C /* LessonSession.swift */ = {isa = PBXFileReference; lastKnownFileType = sourcecode.swift; path = LessonSession.swift; sourceTree = "<group>"; };
		A343C86BA7116E243B39E6EF /* TuningConstants.swift */ = {isa = PBXFileReference; lastKnownFileType = sourcecode.swift; path = TuningConstants.swift; sourceTree = "<group>"; };
		A772BDA3521503CDDC8610F7 /* Theme.swift */ = {isa = PBXFileReference; lastKnownFileType = sourcecode.swift; path = Theme.swift; sourceTree = "<group>"; };
		A933DCD6C5A8054D05B00D2D /* ParentSettingsView.swift */ = {isa = PBXFileReference; lastKnownFileType = sourcecode.swift; path = ParentSettingsView.swift; sourceTree = "<group>"; };
		B18E0785CA5CDBEC4BC6B8F4 /* ExerciseDecodingTests.swift */ = {isa = PBXFileReference; lastKnownFileType = sourcecode.swift; path = ExerciseDecodingTests.swift; sourceTree = "<group>"; };
		B8B0CFB9D183E8A86803EFE6 /* Confetti.swift */ = {isa = PBXFileReference; lastKnownFileType = sourcecode.swift; path = Confetti.swift; sourceTree = "<group>"; };
		BC50FE79C87E0FA79DB22C08 /* ScreenshotUtility.swift */ = {isa = PBXFileReference; lastKnownFileType = sourcecode.swift; path = ScreenshotUtility.swift; sourceTree = "<group>"; };
		BE78CFC89460F6A04142663F /* SpeechService.swift */ = {isa = PBXFileReference; lastKnownFileType = sourcecode.swift; path = SpeechService.swift; sourceTree = "<group>"; };
		C0C6C5413C4CFD9AA9EA9467 /* ExercisePayload.swift */ = {isa = PBXFileReference; lastKnownFileType = sourcecode.swift; path = ExercisePayload.swift; sourceTree = "<group>"; };
		D3AFCF3E84AAFAA8EC4F8041 /* ListenAndPickView.swift */ = {isa = PBXFileReference; lastKnownFileType = sourcecode.swift; path = ListenAndPickView.swift; sourceTree = "<group>"; };
		D57C179234C8D50CD2FB3EF5 /* SoundEffects.swift */ = {isa = PBXFileReference; lastKnownFileType = sourcecode.swift; path = SoundEffects.swift; sourceTree = "<group>"; };
		D91E9520889E20E65813E823 /* PlacementStoreTests.swift */ = {isa = PBXFileReference; lastKnownFileType = sourcecode.swift; path = PlacementStoreTests.swift; sourceTree = "<group>"; };
		DA79F4BC9B4B9C3511469370 /* ProfilePickerView.swift */ = {isa = PBXFileReference; lastKnownFileType = sourcecode.swift; path = ProfilePickerView.swift; sourceTree = "<group>"; };
		DAB2E28A5EA726355A5695CA /* EggHatchView.swift */ = {isa = PBXFileReference; lastKnownFileType = sourcecode.swift; path = EggHatchView.swift; sourceTree = "<group>"; };
		DDF2F5EAEC8889C5F20C5C96 /* Release.xcconfig */ = {isa = PBXFileReference; lastKnownFileType = text.xcconfig; path = Release.xcconfig; sourceTree = "<group>"; };
		E2625B7BF36D5ACF802E8667 /* ProgressEngine.swift */ = {isa = PBXFileReference; lastKnownFileType = sourcecode.swift; path = ProgressEngine.swift; sourceTree = "<group>"; };
		E69DCC4B2FDB78FC65790D6D /* PlacementFlowView.swift */ = {isa = PBXFileReference; lastKnownFileType = sourcecode.swift; path = PlacementFlowView.swift; sourceTree = "<group>"; };
		E85086D3EE2EAC9357E0C82E /* RewardStoreTests.swift */ = {isa = PBXFileReference; lastKnownFileType = sourcecode.swift; path = RewardStoreTests.swift; sourceTree = "<group>"; };
		E861A5C2429B09FBB2DF9246 /* GameEconomy.swift */ = {isa = PBXFileReference; lastKnownFileType = sourcecode.swift; path = GameEconomy.swift; sourceTree = "<group>"; };
		E9456CE0E47EC7614C7D2D56 /* Assets.xcassets */ = {isa = PBXFileReference; lastKnownFileType = folder.assetcatalog; path = Assets.xcassets; sourceTree = "<group>"; };
		ECCB2999A1896D6F1351FE7F /* LessonPlayerView.swift */ = {isa = PBXFileReference; lastKnownFileType = sourcecode.swift; path = LessonPlayerView.swift; sourceTree = "<group>"; };
		F083F8ED7EAA4689ED5A365A /* FillBlankWordBankView.swift */ = {isa = PBXFileReference; lastKnownFileType = sourcecode.swift; path = FillBlankWordBankView.swift; sourceTree = "<group>"; };
		F61B53479C33C9DF172743A0 /* correct.caf */ = {isa = PBXFileReference; path = correct.caf; sourceTree = "<group>"; };
/* End PBXFileReference section */

/* Begin PBXGroup section */
		1425FC4F5A555A89023DDA83 /* Core */ = {
			isa = PBXGroup;
			children = (
				4F2EE9D74330D5A3CB858DFB /* Audio */,
				E25D8046D21869AE478FBAB1 /* Content */,
				CB9DBCE3B20A00558BA0ADBF /* Game */,
				16781D1F1289DECA04154245 /* Progress */,
				D375EEF1C72FB4D6D18A8995 /* UI */,
			);
			path = Core;
			sourceTree = "<group>";
		};
		16781D1F1289DECA04154245 /* Progress */ = {
			isa = PBXGroup;
			children = (
				E2625B7BF36D5ACF802E8667 /* ProgressEngine.swift */,
				6EA1A323E2053709B39DB864 /* ProgressModels.swift */,
				54DC412DF452EAF193077F51 /* ProgressStore.swift */,
				A343C86BA7116E243B39E6EF /* TuningConstants.swift */,
			);
			path = Progress;
			sourceTree = "<group>";
		};
		1A23242E2542046F73EE3FBA /* FeenyUITests */ = {
			isa = PBXGroup;
			children = (
				22721A8B67AF49BC53AC8AC3 /* PlayLessonUITests.swift */,
				BC50FE79C87E0FA79DB22C08 /* ScreenshotUtility.swift */,
			);
			path = FeenyUITests;
			sourceTree = "<group>";
		};
		1B385E264286FFE2C5EE307C /* feeny */ = {
			isa = PBXGroup;
			children = (
				48EFD582961C9D51F6C78460 /* curriculum */,
			);
			name = feeny;
			path = ..;
			sourceTree = "<group>";
		};
		1BD6934FAED45CEB41BF6541 /* Sounds */ = {
			isa = PBXGroup;
			children = (
				F61B53479C33C9DF172743A0 /* correct.caf */,
				4E3B74BB0FE2FE212ED70E6E /* hatch.caf */,
				50FD896D7824316A0684244A /* levelup.caf */,
			);
			path = Sounds;
			sourceTree = "<group>";
		};
		1FBE1ECC24C1373426CB7A4A /* Feeny */ = {
			isa = PBXGroup;
			children = (
				E9456CE0E47EC7614C7D2D56 /* Assets.xcassets */,
				3406CE5CD104F2C9788D74F4 /* Info.plist */,
				5BE2E72F465764A277ED48DE /* App */,
				1425FC4F5A555A89023DDA83 /* Core */,
				3018F57206010E5D572BD828 /* Features */,
				25CB4CA58D2D83D6D7B5ABD0 /* Resources */,
			);
			path = Feeny;
			sourceTree = "<group>";
		};
		25CB4CA58D2D83D6D7B5ABD0 /* Resources */ = {
			isa = PBXGroup;
			children = (
				1BD6934FAED45CEB41BF6541 /* Sounds */,
			);
			path = Resources;
			sourceTree = "<group>";
		};
		3018F57206010E5D572BD828 /* Features */ = {
			isa = PBXGroup;
			children = (
				821A1BCC453AB56541CBABFE /* LessonPlayer */,
				EA8B8C6BE58B52401E0AC8EB /* Placement */,
				C2A6F55FEF5521B03CCE8E63 /* ProfilePicker */,
				D722565806404EFBACC081AD /* Rewards */,
				B7FC4627615EE23E6F4858D3 /* Settings */,
				BF9943A9FA3E0953660C836A /* SkillMap */,
				B8A4553BDA3C78E7FEDE22D2 /* SubjectHome */,
			);
			path = Features;
			sourceTree = "<group>";
		};
		319814E2A467FE4AC04F6DF0 = {
			isa = PBXGroup;
			children = (
				626FA7471ECF797D61118F84 /* BundledPacks */,
				FA1B7B2CDFB32414E001FC4D /* Config */,
				1FBE1ECC24C1373426CB7A4A /* Feeny */,
				1B385E264286FFE2C5EE307C /* feeny */,
				502265D75DBCBC3E5F181701 /* FeenyTests */,
				1A23242E2542046F73EE3FBA /* FeenyUITests */,
				A627D565DAF70B7121CEC57C /* Products */,
			);
			sourceTree = "<group>";
		};
		4057C60DD1997092D486B456 /* Exercises */ = {
			isa = PBXGroup;
			children = (
				582257CA3E26285CB9505ACA /* CountObjectsView.swift */,
				F083F8ED7EAA4689ED5A365A /* FillBlankWordBankView.swift */,
				D3AFCF3E84AAFAA8EC4F8041 /* ListenAndPickView.swift */,
				8DDA1AF5976E84EE13C73BC9 /* MultipleChoiceImageView.swift */,
				52BDF84E8A54D5ED47F2AFCE /* OrderingView.swift */,
				7198DD648F060E8C44816176 /* TapMatchPairsView.swift */,
			);
			path = Exercises;
			sourceTree = "<group>";
		};
		48EFD582961C9D51F6C78460 /* curriculum */ = {
			isa = PBXGroup;
			children = (
				1F1B9F2E21CFAE33853D3D79 /* fixtures */,
			);
			path = curriculum;
			sourceTree = "<group>";
		};
		4F2EE9D74330D5A3CB858DFB /* Audio */ = {
			isa = PBXGroup;
			children = (
				D57C179234C8D50CD2FB3EF5 /* SoundEffects.swift */,
				BE78CFC89460F6A04142663F /* SpeechService.swift */,
			);
			path = Audio;
			sourceTree = "<group>";
		};
		502265D75DBCBC3E5F181701 /* FeenyTests */ = {
			isa = PBXGroup;
			children = (
				B18E0785CA5CDBEC4BC6B8F4 /* ExerciseDecodingTests.swift */,
				60DC29F7505760D28CB2829F /* GameEconomyTests.swift */,
				0153B1EAE911FD1F0C64DBFF /* LessonSessionTests.swift */,
				42B4C07881349A87392EE5EF /* PlacementSessionTests.swift */,
				D91E9520889E20E65813E823 /* PlacementStoreTests.swift */,
				8D08460EE01523CD3C9D8C2F /* ProgressEngineTests.swift */,
				E85086D3EE2EAC9357E0C82E /* RewardStoreTests.swift */,
				7FAC4154C80D3960BE7C9609 /* StreakEngineTests.swift */,
			);
			path = FeenyTests;
			sourceTree = "<group>";
		};
		5BE2E72F465764A277ED48DE /* App */ = {
			isa = PBXGroup;
			children = (
				0054076F0E8E5DE0643E4353 /* FeenyApp.swift */,
				2597EB2B770FC37D4B67E5AE /* RootView.swift */,
			);
			path = App;
			sourceTree = "<group>";
		};
		821A1BCC453AB56541CBABFE /* LessonPlayer */ = {
			isa = PBXGroup;
			children = (
				ECCB2999A1896D6F1351FE7F /* LessonPlayerView.swift */,
				9662A2C2F93EBE337BDF0C6C /* LessonSession.swift */,
				4057C60DD1997092D486B456 /* Exercises */,
			);
			path = LessonPlayer;
			sourceTree = "<group>";
		};
		A627D565DAF70B7121CEC57C /* Products */ = {
			isa = PBXGroup;
			children = (
				8C6ED1113D5793B8FA7EC1EB /* Feeny.app */,
				5F3F02CB482A0B2EECDC119B /* FeenyTests.xctest */,
				559AA38D0C8ADB6E9A1FBF38 /* FeenyUITests.xctest */,
			);
			name = Products;
			sourceTree = "<group>";
		};
		B7FC4627615EE23E6F4858D3 /* Settings */ = {
			isa = PBXGroup;
			children = (
				19CC07FEA454CD5E6552FB73 /* ParentGateView.swift */,
				A933DCD6C5A8054D05B00D2D /* ParentSettingsView.swift */,
			);
			path = Settings;
			sourceTree = "<group>";
		};
		B8A4553BDA3C78E7FEDE22D2 /* SubjectHome */ = {
			isa = PBXGroup;
			children = (
				407AAC5D1995F77BA5D1DF25 /* SubjectHomeView.swift */,
			);
			path = SubjectHome;
			sourceTree = "<group>";
		};
		BF9943A9FA3E0953660C836A /* SkillMap */ = {
			isa = PBXGroup;
			children = (
				685D1E80D6489C8C83DD3F41 /* SkillMapView.swift */,
				5DE657F892AB41BB5DF7AF03 /* UnitDetailSheet.swift */,
			);
			path = SkillMap;
			sourceTree = "<group>";
		};
		C2A6F55FEF5521B03CCE8E63 /* ProfilePicker */ = {
			isa = PBXGroup;
			children = (
				925108BF435A8D87D4A84142 /* ProfileCreateView.swift */,
				DA79F4BC9B4B9C3511469370 /* ProfilePickerView.swift */,
			);
			path = ProfilePicker;
			sourceTree = "<group>";
		};
		CB9DBCE3B20A00558BA0ADBF /* Game */ = {
			isa = PBXGroup;
			children = (
				70635E25EBED626B1E4E09CF /* CollectibleCatalog.swift */,
				E861A5C2429B09FBB2DF9246 /* GameEconomy.swift */,
				462FFD5B4437FC138DCFDC2D /* StreakEngine.swift */,
			);
			path = Game;
			sourceTree = "<group>";
		};
		D375EEF1C72FB4D6D18A8995 /* UI */ = {
			isa = PBXGroup;
			children = (
				4647136C00CB071AF4EDC38D /* AgePicker.swift */,
				B8B0CFB9D183E8A86803EFE6 /* Confetti.swift */,
				A772BDA3521503CDDC8610F7 /* Theme.swift */,
				38BEF548C7930B8A17D21381 /* VolumeNudge.swift */,
			);
			path = UI;
			sourceTree = "<group>";
		};
		D722565806404EFBACC081AD /* Rewards */ = {
			isa = PBXGroup;
			children = (
				9330D36601541BB383C31119 /* CollectionView.swift */,
				DAB2E28A5EA726355A5695CA /* EggHatchView.swift */,
				82D1B665954AEF2EB1C24368 /* LessonCompleteView.swift */,
				314C5DC283EB028DE771451A /* LevelUpView.swift */,
			);
			path = Rewards;
			sourceTree = "<group>";
		};
		E25D8046D21869AE478FBAB1 /* Content */ = {
			isa = PBXGroup;
			children = (
				7D0BC4CF68DF6D9BB933A1A8 /* APIClient.swift */,
				6E371BDACC64188690A17BD4 /* ContentModels.swift */,
				79664069712EDF6BCDD37F60 /* ContentStore.swift */,
				0733A3B7723780A13FB194B4 /* ContentSyncService.swift */,
				C0C6C5413C4CFD9AA9EA9467 /* ExercisePayload.swift */,
			);
			path = Content;
			sourceTree = "<group>";
		};
		EA8B8C6BE58B52401E0AC8EB /* Placement */ = {
			isa = PBXGroup;
			children = (
				E69DCC4B2FDB78FC65790D6D /* PlacementFlowView.swift */,
				76B409C35985B0F385366AE9 /* PlacementSession.swift */,
			);
			path = Placement;
			sourceTree = "<group>";
		};
		FA1B7B2CDFB32414E001FC4D /* Config */ = {
			isa = PBXGroup;
			children = (
				94F799AA34488CD8F9FF8DAF /* Debug.xcconfig */,
				DDF2F5EAEC8889C5F20C5C96 /* Release.xcconfig */,
			);
			path = Config;
			sourceTree = "<group>";
		};
/* End PBXGroup section */

/* Begin PBXNativeTarget section */
		336EB5BD0CA8F23325BFD094 /* Feeny */ = {
			isa = PBXNativeTarget;
			buildConfigurationList = 3A995CD4D2D18F5D4ED70B8C /* Build configuration list for PBXNativeTarget "Feeny" */;
			buildPhases = (
				8E4AFB023D16FDD666E6BF82 /* Sources */,
				9781079B269780ED5B260659 /* Resources */,
			);
			buildRules = (
			);
			dependencies = (
			);
			name = Feeny;
			packageProductDependencies = (
			);
			productName = Feeny;
			productReference = 8C6ED1113D5793B8FA7EC1EB /* Feeny.app */;
			productType = "com.apple.product-type.application";
		};
		4EF64883C853F471380516F5 /* FeenyUITests */ = {
			isa = PBXNativeTarget;
			buildConfigurationList = 737B8CF1B99C7BB85F65A022 /* Build configuration list for PBXNativeTarget "FeenyUITests" */;
			buildPhases = (
				1E535E1A788A53D9BA68FA92 /* Sources */,
			);
			buildRules = (
			);
			dependencies = (
				752E509D70B4B2764A811235 /* PBXTargetDependency */,
			);
			name = FeenyUITests;
			packageProductDependencies = (
			);
			productName = FeenyUITests;
			productReference = 559AA38D0C8ADB6E9A1FBF38 /* FeenyUITests.xctest */;
			productType = "com.apple.product-type.bundle.ui-testing";
		};
		D162012F15560A455D2DF07A /* FeenyTests */ = {
			isa = PBXNativeTarget;
			buildConfigurationList = B149FA830DCFDF1C1B6001F4 /* Build configuration list for PBXNativeTarget "FeenyTests" */;
			buildPhases = (
				D2EF9A824CD7C830A691482B /* Sources */,
				DABD355462A70C720FCC7336 /* Resources */,
			);
			buildRules = (
			);
			dependencies = (
				4052C8CFDF0842C4DFC45EA7 /* PBXTargetDependency */,
			);
			name = FeenyTests;
			packageProductDependencies = (
			);
			productName = FeenyTests;
			productReference = 5F3F02CB482A0B2EECDC119B /* FeenyTests.xctest */;
			productType = "com.apple.product-type.bundle.unit-test";
		};
/* End PBXNativeTarget section */

/* Begin PBXProject section */
		040ABF57AE0E73EE037ED83B /* Project object */ = {
			isa = PBXProject;
			attributes = {
				BuildIndependentTargetsInParallel = YES;
				LastUpgradeCheck = 1430;
				TargetAttributes = {
					336EB5BD0CA8F23325BFD094 = {
						DevelopmentTeam = 2YH555648Y;
						ProvisioningStyle = Automatic;
					};
					4EF64883C853F471380516F5 = {
						TestTargetID = 336EB5BD0CA8F23325BFD094;
					};
				};
			};
			buildConfigurationList = 355D4FFF07E29EB9135D2556 /* Build configuration list for PBXProject "Feeny" */;
			compatibilityVersion = "Xcode 14.0";
			developmentRegion = en;
			hasScannedForEncodings = 0;
			knownRegions = (
				Base,
				en,
			);
			mainGroup = 319814E2A467FE4AC04F6DF0;
			minimizedProjectReferenceProxies = 1;
			preferredProjectObjectVersion = 77;
			projectDirPath = "";
			projectRoot = "";
			targets = (
				336EB5BD0CA8F23325BFD094 /* Feeny */,
				D162012F15560A455D2DF07A /* FeenyTests */,
				4EF64883C853F471380516F5 /* FeenyUITests */,
			);
		};
/* End PBXProject section */

/* Begin PBXResourcesBuildPhase section */
		9781079B269780ED5B260659 /* Resources */ = {
			isa = PBXResourcesBuildPhase;
			buildActionMask = 2147483647;
			files = (
				9173A49D2DC82D67A4321840 /* Assets.xcassets in Resources */,
				6C07549F79D18D360C518F98 /* BundledPacks in Resources */,
				A95C182220BD322060AC24AE /* correct.caf in Resources */,
				6363A129D6C5325BCA71DF5A /* hatch.caf in Resources */,
				6A6CC1E6DC6C99DBFA986A1D /* levelup.caf in Resources */,
			);
			runOnlyForDeploymentPostprocessing = 0;
		};
		DABD355462A70C720FCC7336 /* Resources */ = {
			isa = PBXResourcesBuildPhase;
			buildActionMask = 2147483647;
			files = (
				CB82882BCEEA6AC52E80114C /* fixtures in Resources */,
			);
			runOnlyForDeploymentPostprocessing = 0;
		};
/* End PBXResourcesBuildPhase section */

/* Begin PBXSourcesBuildPhase section */
		1E535E1A788A53D9BA68FA92 /* Sources */ = {
			isa = PBXSourcesBuildPhase;
			buildActionMask = 2147483647;
			files = (
				EAE95B1FE9B398433C41091C /* PlayLessonUITests.swift in Sources */,
				E5890221BCF5806E5E58FF2A /* ScreenshotUtility.swift in Sources */,
			);
			runOnlyForDeploymentPostprocessing = 0;
		};
		8E4AFB023D16FDD666E6BF82 /* Sources */ = {
			isa = PBXSourcesBuildPhase;
			buildActionMask = 2147483647;
			files = (
				FD521CA67DB8378DA63CBEF9 /* APIClient.swift in Sources */,
				9090064A7578EEC308310CD2 /* AgePicker.swift in Sources */,
				7F335DD08D706FDA48B2FB23 /* CollectibleCatalog.swift in Sources */,
				000303C57B39490634BB7658 /* CollectionView.swift in Sources */,
				F47625450C731B26E8A1256C /* Confetti.swift in Sources */,
				DE43D19FC15376FC3AECFD31 /* ContentModels.swift in Sources */,
				49CEF40B6117C4F1E174F157 /* ContentStore.swift in Sources */,
				056D0CAC4737C097D3D088D9 /* ContentSyncService.swift in Sources */,
				262849F7FB82B2BC05546DB1 /* CountObjectsView.swift in Sources */,
				18A01BA0657333E1CDA9BAC7 /* EggHatchView.swift in Sources */,
				6201C6384BA29BC26BA4A1CF /* ExercisePayload.swift in Sources */,
				9F8DE4589B68D77DDD8D278D /* FeenyApp.swift in Sources */,
				710794B27017AA0A6F64A1F1 /* FillBlankWordBankView.swift in Sources */,
				C5F73AAFB0CBB5F560205BB2 /* GameEconomy.swift in Sources */,
				E5EFA17790121A47C78034D1 /* LessonCompleteView.swift in Sources */,
				7E28CEF584A5F07567ED3359 /* LessonPlayerView.swift in Sources */,
				8EC3055F0AE302A0C1BB969D /* LessonSession.swift in Sources */,
				64E32B002C5E2B1476988733 /* LevelUpView.swift in Sources */,
				8095D8A15A66AC541EA37E6C /* ListenAndPickView.swift in Sources */,
				545521B857C5B15D4D025934 /* MultipleChoiceImageView.swift in Sources */,
				7DFDF8CCF893A287186A6C95 /* OrderingView.swift in Sources */,
				787174E58092FF0E6F1DDAE8 /* ParentGateView.swift in Sources */,
				1E205011AF1E03ED6681FA95 /* ParentSettingsView.swift in Sources */,
				6A94F5A3C8436EC263F86B7E /* PlacementFlowView.swift in Sources */,
				17C4D727BB2806BA106BD2C0 /* PlacementSession.swift in Sources */,
				A9251ED1615DCF5830342F2A /* ProfileCreateView.swift in Sources */,
				8B4B1312CF32B902F088C6DD /* ProfilePickerView.swift in Sources */,
				50CD4261433995EED97F617A /* ProgressEngine.swift in Sources */,
				58BD3727EB2E3FAA04F602BA /* ProgressModels.swift in Sources */,
				FFE2D9A33C574AF53A675376 /* ProgressStore.swift in Sources */,
				B9515F2C948AAF860B8E5ECB /* RootView.swift in Sources */,
				D5B31672917FB8721EFBF964 /* SkillMapView.swift in Sources */,
				D6420FE4E14393885F22D348 /* SoundEffects.swift in Sources */,
				74E06A794BED449939F6C2A4 /* SpeechService.swift in Sources */,
				DF358C3AC179DF4B0BBDC6F6 /* StreakEngine.swift in Sources */,
				B22D92A69FC0228D668DCF02 /* SubjectHomeView.swift in Sources */,
				5B166A03C372CD918BDC18E7 /* TapMatchPairsView.swift in Sources */,
				660D31652C733AB8CB790254 /* Theme.swift in Sources */,
				25EC8FF543DEF51C4A231BC8 /* TuningConstants.swift in Sources */,
				E1772D2387A6F82619DFF89B /* UnitDetailSheet.swift in Sources */,
				33A2684BA4A733469FB96D5E /* VolumeNudge.swift in Sources */,
			);
			runOnlyForDeploymentPostprocessing = 0;
		};
		D2EF9A824CD7C830A691482B /* Sources */ = {
			isa = PBXSourcesBuildPhase;
			buildActionMask = 2147483647;
			files = (
				AB4BFC506E8A59E81520CCFE /* ExerciseDecodingTests.swift in Sources */,
				F537D5C4827C9A65E406DE87 /* GameEconomyTests.swift in Sources */,
				75B03D58482C034088DD1D6F /* LessonSessionTests.swift in Sources */,
				CE9D71FDF3B0BF97E89DF7B1 /* PlacementSessionTests.swift in Sources */,
				49B114ECCD466B57457A041A /* PlacementStoreTests.swift in Sources */,
				3B3DEA46E7D1B20B707C5022 /* ProgressEngineTests.swift in Sources */,
				FADDB28DB481C16EFE3F17C2 /* RewardStoreTests.swift in Sources */,
				C2C1EC34473E208297A6FE34 /* StreakEngineTests.swift in Sources */,
			);
			runOnlyForDeploymentPostprocessing = 0;
		};
/* End PBXSourcesBuildPhase section */

/* Begin PBXTargetDependency section */
		4052C8CFDF0842C4DFC45EA7 /* PBXTargetDependency */ = {
			isa = PBXTargetDependency;
			target = 336EB5BD0CA8F23325BFD094 /* Feeny */;
			targetProxy = 7E7018E50313563F7B00827E /* PBXContainerItemProxy */;
		};
		752E509D70B4B2764A811235 /* PBXTargetDependency */ = {
			isa = PBXTargetDependency;
			target = 336EB5BD0CA8F23325BFD094 /* Feeny */;
			targetProxy = 63A38C4638A66B682FB8012D /* PBXContainerItemProxy */;
		};
/* End PBXTargetDependency section */

/* Begin XCBuildConfiguration section */
		0D6D6324A69345FFCF737F00 /* Debug */ = {
			isa = XCBuildConfiguration;
			buildSettings = {
				ASSETCATALOG_COMPILER_APPICON_NAME = AppIcon;
				CODE_SIGN_IDENTITY = "iPhone Developer";
				CODE_SIGN_STYLE = Automatic;
				DEVELOPMENT_TEAM = 2YH555648Y;
				GENERATE_INFOPLIST_FILE = NO;
				INFOPLIST_FILE = Feeny/Info.plist;
				LD_RUNPATH_SEARCH_PATHS = (
					"$(inherited)",
					"@executable_path/Frameworks",
				);
				PRODUCT_BUNDLE_IDENTIFIER = com.danubilla.Feeny;
				SDKROOT = iphoneos;
				SWIFT_VERSION = 5.0;
				TARGETED_DEVICE_FAMILY = 2;
			};
			name = Debug;
		};
		52EE48A942E0D7039C6196D6 /* Debug */ = {
			isa = XCBuildConfiguration;
			buildSettings = {
				BUNDLE_LOADER = "$(TEST_HOST)";
				GENERATE_INFOPLIST_FILE = YES;
				LD_RUNPATH_SEARCH_PATHS = (
					"$(inherited)",
					"@executable_path/Frameworks",
					"@loader_path/Frameworks",
				);
				PRODUCT_BUNDLE_IDENTIFIER = com.danubilla.FeenyTests;
				SDKROOT = iphoneos;
				SWIFT_VERSION = 5.0;
				TARGETED_DEVICE_FAMILY = "1,2";
				TEST_HOST = "$(BUILT_PRODUCTS_DIR)/Feeny.app/Feeny";
			};
			name = Debug;
		};
		5894A31FAE8E3CFC0D123414 /* Release */ = {
			isa = XCBuildConfiguration;
			buildSettings = {
				ASSETCATALOG_COMPILER_APPICON_NAME = AppIcon;
				CODE_SIGN_IDENTITY = "iPhone Developer";
				CODE_SIGN_STYLE = Automatic;
				DEVELOPMENT_TEAM = 2YH555648Y;
				GENERATE_INFOPLIST_FILE = NO;
				INFOPLIST_FILE = Feeny/Info.plist;
				LD_RUNPATH_SEARCH_PATHS = (
					"$(inherited)",
					"@executable_path/Frameworks",
				);
				PRODUCT_BUNDLE_IDENTIFIER = com.danubilla.Feeny;
				SDKROOT = iphoneos;
				SWIFT_VERSION = 5.0;
				TARGETED_DEVICE_FAMILY = 2;
			};
			name = Release;
		};
		73EC69A71951E99B1586580F /* Debug */ = {
			isa = XCBuildConfiguration;
			baseConfigurationReference = 94F799AA34488CD8F9FF8DAF /* Debug.xcconfig */;
			buildSettings = {
				ALWAYS_SEARCH_USER_PATHS = NO;
				CLANG_ANALYZER_NONNULL = YES;
				CLANG_ANALYZER_NUMBER_OBJECT_CONVERSION = YES_AGGRESSIVE;
				CLANG_CXX_LANGUAGE_STANDARD = "gnu++14";
				CLANG_CXX_LIBRARY = "libc++";
				CLANG_ENABLE_MODULES = YES;
				CLANG_ENABLE_OBJC_ARC = YES;
				CLANG_ENABLE_OBJC_WEAK = YES;
				CLANG_WARN_BLOCK_CAPTURE_AUTORELEASING = YES;
				CLANG_WARN_BOOL_CONVERSION = YES;
				CLANG_WARN_COMMA = YES;
				CLANG_WARN_CONSTANT_CONVERSION = YES;
				CLANG_WARN_DEPRECATED_OBJC_IMPLEMENTATIONS = YES;
				CLANG_WARN_DIRECT_OBJC_ISA_USAGE = YES_ERROR;
				CLANG_WARN_DOCUMENTATION_COMMENTS = YES;
				CLANG_WARN_EMPTY_BODY = YES;
				CLANG_WARN_ENUM_CONVERSION = YES;
				CLANG_WARN_INFINITE_RECURSION = YES;
				CLANG_WARN_INT_CONVERSION = YES;
				CLANG_WARN_NON_LITERAL_NULL_CONVERSION = YES;
				CLANG_WARN_OBJC_IMPLICIT_RETAIN_SELF = YES;
				CLANG_WARN_OBJC_LITERAL_CONVERSION = YES;
				CLANG_WARN_OBJC_ROOT_CLASS = YES_ERROR;
				CLANG_WARN_QUOTED_INCLUDE_IN_FRAMEWORK_HEADER = YES;
				CLANG_WARN_RANGE_LOOP_ANALYSIS = YES;
				CLANG_WARN_STRICT_PROTOTYPES = YES;
				CLANG_WARN_SUSPICIOUS_MOVE = YES;
				CLANG_WARN_UNGUARDED_AVAILABILITY = YES_AGGRESSIVE;
				CLANG_WARN_UNREACHABLE_CODE = YES;
				CLANG_WARN__DUPLICATE_METHOD_MATCH = YES;
				COPY_PHASE_STRIP = NO;
				DEBUG_INFORMATION_FORMAT = dwarf;
				ENABLE_STRICT_OBJC_MSGSEND = YES;
				ENABLE_TESTABILITY = YES;
				GCC_C_LANGUAGE_STANDARD = gnu11;
				GCC_DYNAMIC_NO_PIC = NO;
				GCC_NO_COMMON_BLOCKS = YES;
				GCC_OPTIMIZATION_LEVEL = 0;
				GCC_PREPROCESSOR_DEFINITIONS = (
					"$(inherited)",
					"DEBUG=1",
				);
				GCC_WARN_64_TO_32_BIT_CONVERSION = YES;
				GCC_WARN_ABOUT_RETURN_TYPE = YES_ERROR;
				GCC_WARN_UNDECLARED_SELECTOR = YES;
				GCC_WARN_UNINITIALIZED_AUTOS = YES_AGGRESSIVE;
				GCC_WARN_UNUSED_FUNCTION = YES;
				GCC_WARN_UNUSED_VARIABLE = YES;
				IPHONEOS_DEPLOYMENT_TARGET = 17.0;
				MTL_ENABLE_DEBUG_INFO = INCLUDE_SOURCE;
				MTL_FAST_MATH = YES;
				ONLY_ACTIVE_ARCH = YES;
				PRODUCT_NAME = "$(TARGET_NAME)";
				SDKROOT = iphoneos;
				SWIFT_ACTIVE_COMPILATION_CONDITIONS = DEBUG;
				SWIFT_OPTIMIZATION_LEVEL = "-Onone";
				SWIFT_VERSION = 5.0;
			};
			name = Debug;
		};
		AD6D3BDEFF06237A2CD629EB /* Release */ = {
			isa = XCBuildConfiguration;
			buildSettings = {
				BUNDLE_LOADER = "$(TEST_HOST)";
				GENERATE_INFOPLIST_FILE = YES;
				LD_RUNPATH_SEARCH_PATHS = (
					"$(inherited)",
					"@executable_path/Frameworks",
					"@loader_path/Frameworks",
				);
				PRODUCT_BUNDLE_IDENTIFIER = com.danubilla.FeenyTests;
				SDKROOT = iphoneos;
				SWIFT_VERSION = 5.0;
				TARGETED_DEVICE_FAMILY = "1,2";
				TEST_HOST = "$(BUILT_PRODUCTS_DIR)/Feeny.app/Feeny";
			};
			name = Release;
		};
		C07357E5ED692EE9E894B1F7 /* Release */ = {
			isa = XCBuildConfiguration;
			buildSettings = {
				BUNDLE_LOADER = "$(TEST_HOST)";
				GENERATE_INFOPLIST_FILE = YES;
				LD_RUNPATH_SEARCH_PATHS = (
					"$(inherited)",
					"@executable_path/Frameworks",
					"@loader_path/Frameworks",
				);
				PRODUCT_BUNDLE_IDENTIFIER = com.danubilla.FeenyUITests;
				SDKROOT = iphoneos;
				SWIFT_VERSION = 5.0;
				TARGETED_DEVICE_FAMILY = "1,2";
				TEST_TARGET_NAME = Feeny;
			};
			name = Release;
		};
		CDB926D9A35F559D0E75C6BF /* Release */ = {
			isa = XCBuildConfiguration;
			baseConfigurationReference = DDF2F5EAEC8889C5F20C5C96 /* Release.xcconfig */;
			buildSettings = {
				ALWAYS_SEARCH_USER_PATHS = NO;
				CLANG_ANALYZER_NONNULL = YES;
				CLANG_ANALYZER_NUMBER_OBJECT_CONVERSION = YES_AGGRESSIVE;
				CLANG_CXX_LANGUAGE_STANDARD = "gnu++14";
				CLANG_CXX_LIBRARY = "libc++";
				CLANG_ENABLE_MODULES = YES;
				CLANG_ENABLE_OBJC_ARC = YES;
				CLANG_ENABLE_OBJC_WEAK = YES;
				CLANG_WARN_BLOCK_CAPTURE_AUTORELEASING = YES;
				CLANG_WARN_BOOL_CONVERSION = YES;
				CLANG_WARN_COMMA = YES;
				CLANG_WARN_CONSTANT_CONVERSION = YES;
				CLANG_WARN_DEPRECATED_OBJC_IMPLEMENTATIONS = YES;
				CLANG_WARN_DIRECT_OBJC_ISA_USAGE = YES_ERROR;
				CLANG_WARN_DOCUMENTATION_COMMENTS = YES;
				CLANG_WARN_EMPTY_BODY = YES;
				CLANG_WARN_ENUM_CONVERSION = YES;
				CLANG_WARN_INFINITE_RECURSION = YES;
				CLANG_WARN_INT_CONVERSION = YES;
				CLANG_WARN_NON_LITERAL_NULL_CONVERSION = YES;
				CLANG_WARN_OBJC_IMPLICIT_RETAIN_SELF = YES;
				CLANG_WARN_OBJC_LITERAL_CONVERSION = YES;
				CLANG_WARN_OBJC_ROOT_CLASS = YES_ERROR;
				CLANG_WARN_QUOTED_INCLUDE_IN_FRAMEWORK_HEADER = YES;
				CLANG_WARN_RANGE_LOOP_ANALYSIS = YES;
				CLANG_WARN_STRICT_PROTOTYPES = YES;
				CLANG_WARN_SUSPICIOUS_MOVE = YES;
				CLANG_WARN_UNGUARDED_AVAILABILITY = YES_AGGRESSIVE;
				CLANG_WARN_UNREACHABLE_CODE = YES;
				CLANG_WARN__DUPLICATE_METHOD_MATCH = YES;
				COPY_PHASE_STRIP = NO;
				DEBUG_INFORMATION_FORMAT = "dwarf-with-dsym";
				ENABLE_NS_ASSERTIONS = NO;
				ENABLE_STRICT_OBJC_MSGSEND = YES;
				GCC_C_LANGUAGE_STANDARD = gnu11;
				GCC_NO_COMMON_BLOCKS = YES;
				GCC_WARN_64_TO_32_BIT_CONVERSION = YES;
				GCC_WARN_ABOUT_RETURN_TYPE = YES_ERROR;
				GCC_WARN_UNDECLARED_SELECTOR = YES;
				GCC_WARN_UNINITIALIZED_AUTOS = YES_AGGRESSIVE;
				GCC_WARN_UNUSED_FUNCTION = YES;
				GCC_WARN_UNUSED_VARIABLE = YES;
				IPHONEOS_DEPLOYMENT_TARGET = 17.0;
				MTL_ENABLE_DEBUG_INFO = NO;
				MTL_FAST_MATH = YES;
				PRODUCT_NAME = "$(TARGET_NAME)";
				SDKROOT = iphoneos;
				SWIFT_COMPILATION_MODE = wholemodule;
				SWIFT_OPTIMIZATION_LEVEL = "-O";
				SWIFT_VERSION = 5.0;
			};
			name = Release;
		};
		FEDDBFC19835CAD815A065BB /* Debug */ = {
			isa = XCBuildConfiguration;
			buildSettings = {
				BUNDLE_LOADER = "$(TEST_HOST)";
				GENERATE_INFOPLIST_FILE = YES;
				LD_RUNPATH_SEARCH_PATHS = (
					"$(inherited)",
					"@executable_path/Frameworks",
					"@loader_path/Frameworks",
				);
				PRODUCT_BUNDLE_IDENTIFIER = com.danubilla.FeenyUITests;
				SDKROOT = iphoneos;
				SWIFT_VERSION = 5.0;
				TARGETED_DEVICE_FAMILY = "1,2";
				TEST_TARGET_NAME = Feeny;
			};
			name = Debug;
		};
/* End XCBuildConfiguration section */

/* Begin XCConfigurationList section */
		355D4FFF07E29EB9135D2556 /* Build configuration list for PBXProject "Feeny" */ = {
			isa = XCConfigurationList;
			buildConfigurations = (
				73EC69A71951E99B1586580F /* Debug */,
				CDB926D9A35F559D0E75C6BF /* Release */,
			);
			defaultConfigurationIsVisible = 0;
			defaultConfigurationName = Debug;
		};
		3A995CD4D2D18F5D4ED70B8C /* Build configuration list for PBXNativeTarget "Feeny" */ = {
			isa = XCConfigurationList;
			buildConfigurations = (
				0D6D6324A69345FFCF737F00 /* Debug */,
				5894A31FAE8E3CFC0D123414 /* Release */,
			);
			defaultConfigurationIsVisible = 0;
			defaultConfigurationName = Debug;
		};
		737B8CF1B99C7BB85F65A022 /* Build configuration list for PBXNativeTarget "FeenyUITests" */ = {
			isa = XCConfigurationList;
			buildConfigurations = (
				FEDDBFC19835CAD815A065BB /* Debug */,
				C07357E5ED692EE9E894B1F7 /* Release */,
			);
			defaultConfigurationIsVisible = 0;
			defaultConfigurationName = Debug;
		};
		B149FA830DCFDF1C1B6001F4 /* Build configuration list for PBXNativeTarget "FeenyTests" */ = {
			isa = XCConfigurationList;
			buildConfigurations = (
				52EE48A942E0D7039C6196D6 /* Debug */,
				AD6D3BDEFF06237A2CD629EB /* Release */,
			);
			defaultConfigurationIsVisible = 0;
			defaultConfigurationName = Debug;
		};
/* End XCConfigurationList section */
	};
	rootObject = 040ABF57AE0E73EE037ED83B /* Project object */;
}
